
Microsoft Visual Studio Solution File, Format Version 12.00
# Visual Studio 15
VisualStudioVersion = 15.0.26228.4
MinimumVisualStudioVersion = 10.0.40219.1
Project("{FAE04EC0-301F-11D3-BF4B-00C04F79EFBC}") = "prjShoppingCar", "prjShoppingCar\prjShoppingCar.csproj", "{FF144A3F-D71E-4F82-8594-9E17B6609D4A}"
EndProject
Project("{FAE04EC0-301F-11D3-BF4B-00C04F79EFBC}") = "DBManage", "DBManage\DBManage.csproj", "{F9C93018-57B6-4415-A24D-DF3F2C27EE02}"
EndProject
Global
	GlobalSection(SolutionConfigurationPlatforms) = preSolution
		Debug|Any CPU = Debug|Any CPU
		Release|Any CPU = Release|Any CPU
	EndGlobalSection
	GlobalSection(ProjectConfigurationPlatforms) = postSolution
		{FF144A3F-D71E-4F82-8594-9E17B6609D4A}.Debug|Any CPU.ActiveCfg = Debug|Any CPU
		{FF144A3F-D71E-4F82-8594-9E17B6609D4A}.Debug|Any CPU.Build.0 = Debug|Any CPU
		{FF144A3F-D71E-4F82-8594-9E17B6609D4A}.Release|Any CPU.ActiveCfg = Release|Any CPU
		{FF144A3F-D71E-4F82-8594-9E17B6609D4A}.Release|Any CPU.Build.0 = Release|Any CPU
		{F9C93018-57B6-4415-A24D-DF3F2C27EE02}.Debug|Any CPU.ActiveCfg = Debug|Any CPU
		{F9C93018-57B6-4415-A24D-DF3F2C27EE02}.Debug|Any CPU.Build.0 = Debug|Any CPU
		{F9C93018-57B6-4415-A24D-DF3F2C27EE02}.Release|Any CPU.ActiveCfg = Release|Any CPU
		{F9C93018-57B6-4415-A24D-DF3F2C27EE02}.Release|Any CPU.Build.0 = Release|Any CPU
	EndGlobalSection
	GlobalSection(SolutionProperties) = preSolution
		HideSolutionNode = FALSE
	EndGlobalSection
	GlobalSection(ExtensibilityGlobals) = postSolution
		SolutionGuid = {8DBC8D33-426D-436C-B724-84312F9FDF16}
	EndGlobalSection
EndGlobal
